
Microsoft Visual Studio Solution File, Format Version 12.00
# Visual Studio Version 17
VisualStudioVersion = 17.4.33403.182
MinimumVisualStudioVersion = 10.0.40219.1
Project("{FAE04EC0-301F-11D3-BF4B-00C04F79EFBC}") = "cens.auth.api", "cens.auth.api\cens.auth.api.csproj", "{B7363031-FC70-42B9-9AD9-23BD17AAE4D0}"
EndProject
Project("{FAE04EC0-301F-11D3-BF4B-00C04F79EFBC}") = "cens.auth.application", "cens.auth.application\cens.auth.application.csproj", "{E252070D-94BA-404A-9677-C44841AE9874}"
EndProject
Project("{FAE04EC0-301F-11D3-BF4B-00C04F79EFBC}") = "cens.auth.domain", "cens.auth.domain\cens.auth.domain.csproj", "{9846D18E-75DD-4A71-8209-DB035A3A1E17}"
EndProject
Project("{FAE04EC0-301F-11D3-BF4B-00C04F79EFBC}") = "cens.auth.infraestructure", "cens.auth.infraestructure\cens.auth.infraestructure.csproj", "{DBA8BA09-4894-445A-B7F0-0347568E1BAE}"
EndProject
Project("{FAE04EC0-301F-11D3-BF4B-00C04F79EFBC}") = "cens.auth.notification", "cens.auth.notification\cens.auth.notification.csproj", "{1158E599-4536-4BD5-92AC-5F9E150D55F5}"
EndProject
Global
	GlobalSection(SolutionConfigurationPlatforms) = preSolution
		Debug|Any CPU = Debug|Any CPU
		Release|Any CPU = Release|Any CPU
	EndGlobalSection
	GlobalSection(ProjectConfigurationPlatforms) = postSolution
		{B7363031-FC70-42B9-9AD9-23BD17AAE4D0}.Debug|Any CPU.ActiveCfg = Debug|Any CPU
		{B7363031-FC70-42B9-9AD9-23BD17AAE4D0}.Debug|Any CPU.Build.0 = Debug|Any CPU
		{B7363031-FC70-42B9-9AD9-23BD17AAE4D0}.Release|Any CPU.ActiveCfg = Release|Any CPU
		{B7363031-FC70-42B9-9AD9-23BD17AAE4D0}.Release|Any CPU.Build.0 = Release|Any CPU
		{E252070D-94BA-404A-9677-C44841AE9874}.Debug|Any CPU.ActiveCfg = Debug|Any CPU
		{E252070D-94BA-404A-9677-C44841AE9874}.Debug|Any CPU.Build.0 = Debug|Any CPU
		{E252070D-94BA-404A-9677-C44841AE9874}.Release|Any CPU.ActiveCfg = Release|Any CPU
		{E252070D-94BA-404A-9677-C44841AE9874}.Release|Any CPU.Build.0 = Release|Any CPU
		{9846D18E-75DD-4A71-8209-DB035A3A1E17}.Debug|Any CPU.ActiveCfg = Debug|Any CPU
		{9846D18E-75DD-4A71-8209-DB035A3A1E17}.Debug|Any CPU.Build.0 = Debug|Any CPU
		{9846D18E-75DD-4A71-8209-DB035A3A1E17}.Release|Any CPU.ActiveCfg = Release|Any CPU
		{9846D18E-75DD-4A71-8209-DB035A3A1E17}.Release|Any CPU.Build.0 = Release|Any CPU
		{DBA8BA09-4894-445A-B7F0-0347568E1BAE}.Debug|Any CPU.ActiveCfg = Debug|Any CPU
		{DBA8BA09-4894-445A-B7F0-0347568E1BAE}.Debug|Any CPU.Build.0 = Debug|Any CPU
		{DBA8BA09-4894-445A-B7F0-0347568E1BAE}.Release|Any CPU.ActiveCfg = Release|Any CPU
		{DBA8BA09-4894-445A-B7F0-0347568E1BAE}.Release|Any CPU.Build.0 = Release|Any CPU
		{1158E599-4536-4BD5-92AC-5F9E150D55F5}.Debug|Any CPU.ActiveCfg = Debug|Any CPU
		{1158E599-4536-4BD5-92AC-5F9E150D55F5}.Debug|Any CPU.Build.0 = Debug|Any CPU
		{1158E599-4536-4BD5-92AC-5F9E150D55F5}.Release|Any CPU.ActiveCfg = Release|Any CPU
		{1158E599-4536-4BD5-92AC-5F9E150D55F5}.Release|Any CPU.Build.0 = Release|Any CPU
	EndGlobalSection
	GlobalSection(SolutionProperties) = preSolution
		HideSolutionNode = FALSE
	EndGlobalSection
	GlobalSection(ExtensibilityGlobals) = postSolution
		SolutionGuid = {0C2964AD-AC70-4543-B78C-0E036513FD35}
	EndGlobalSection
EndGlobal
